
Microsoft Visual Studio Solution File, Format Version 12.00
# Visual Studio Version 17
VisualStudioVersion = 17.14.36930.0 d17.14
MinimumVisualStudioVersion = 10.0.40219.1
Project("{FAE04EC0-301F-11D3-BF4B-00C04F79EFBC}") = "Courses", "Courses.csproj", "{23CA526B-B0EC-40A1-994B-A2ECA68D9732}"
EndProject
Global
	GlobalSection(SolutionConfigurationPlatforms) = preSolution
		Debug|Any CPU = Debug|Any CPU
		Release|Any CPU = Release|Any CPU
	EndGlobalSection
	GlobalSection(ProjectConfigurationPlatforms) = postSolution
		{23CA526B-B0EC-40A1-994B-A2ECA68D9732}.Debug|Any CPU.ActiveCfg = Debug|Any CPU
		{23CA526B-B0EC-40A1-994B-A2ECA68D9732}.Debug|Any CPU.Build.0 = Debug|Any CPU
		{23CA526B-B0EC-40A1-994B-A2ECA68D9732}.Release|Any CPU.ActiveCfg = Release|Any CPU
		{23CA526B-B0EC-40A1-994B-A2ECA68D9732}.Release|Any CPU.Build.0 = Release|Any CPU
	EndGlobalSection
	GlobalSection(SolutionProperties) = preSolution
		HideSolutionNode = FALSE
	EndGlobalSection
	GlobalSection(ExtensibilityGlobals) = postSolution
		SolutionGuid = {57B97D30-1DD1-4308-8EBD-EE09588392F4}
	EndGlobalSection
EndGlobal
